// !$*UTF8*$!
{
	archiveVersion = 1;
	classes = {
	};
	objectVersion = 55;
	objects = {

/* Begin PBXBuildFile section */
		758BAA3F272050A6009EE0C6 /* AppDelegate.swift in Sources */ = {isa = PBXBuildFile; fileRef = 758BAA3E272050A6009EE0C6 /* AppDelegate.swift */; };
		758BAA41272050A6009EE0C6 /* SceneDelegate.swift in Sources */ = {isa = PBXBuildFile; fileRef = 758BAA40272050A6009EE0C6 /* SceneDelegate.swift */; };
		758BAA43272050A6009EE0C6 /* ViewController.swift in Sources */ = {isa = PBXBuildFile; fileRef = 758BAA42272050A6009EE0C6 /* ViewController.swift */; };
		758BAA46272050A6009EE0C6 /* Main.storyboard in Resources */ = {isa = PBXBuildFile; fileRef = 758BAA44272050A6009EE0C6 /* Main.storyboard */; };
		758BAA48272050A8009EE0C6 /* Assets.xcassets in Resources */ = {isa = PBXBuildFile; fileRef = 758BAA47272050A8009EE0C6 /* Assets.xcassets */; };
		758BAA4B272050A8009EE0C6 /* LaunchScreen.storyboard in Resources */ = {isa = PBXBuildFile; fileRef = 758BAA49272050A8009EE0C6 /* LaunchScreen.storyboard */; };
		758BAA53272052EC009EE0C6 /* GoogleService-Info.plist in Resources */ = {isa = PBXBuildFile; fileRef = 758BAA52272052EC009EE0C6 /* GoogleService-Info.plist */; };
		FD02084770B2A0632331CD3A /* Pods_AuthFirebase.framework in Frameworks */ = {isa = PBXBuildFile; fileRef = 9602AE168D871D7F0BFABD56 /* Pods_AuthFirebase.framework */; };
/* End PBXBuildFile section */

/* Begin PBXFileReference section */
		280C4840CFA6BE6383F424A8 /* Pods-AuthFirebase.debug.xcconfig */ = {isa = PBXFileReference; includeInIndex = 1; lastKnownFileType = text.xcconfig; name = "Pods-AuthFirebase.debug.xcconfig"; path = "Target Support Files/Pods-AuthFirebase/Pods-AuthFirebase.debug.xcconfig"; sourceTree = "<group>"; };
		758BAA3B272050A6009EE0C6 /* AuthFirebase.app */ = {isa = PBXFileReference; explicitFileType = wrapper.application; includeInIndex = 0; path = AuthFirebase.app; sourceTree = BUILT_PRODUCTS_DIR; };
		758BAA3E272050A6009EE0C6 /* AppDelegate.swift */ = {isa = PBXFileReference; lastKnownFileType = sourcecode.swift; path = AppDelegate.swift; sourceTree = "<group>"; };
		758BAA40272050A6009EE0C6 /* SceneDelegate.swift */ = {isa = PBXFileReference; lastKnownFileType = sourcecode.swift; path = SceneDelegate.swift; sourceTree = "<group>"; };
		758BAA42272050A6009EE0C6 /* ViewController.swift */ = {isa = PBXFileReference; lastKnownFileType = sourcecode.swift; path = ViewController.swift; sourceTree = "<group>"; };
		758BAA45272050A6009EE0C6 /* Base */ = {isa = PBXFileReference; lastKnownFileType = file.storyboard; name = Base; path = Base.lproj/Main.storyboard; sourceTree = "<group>"; };
		758BAA47272050A8009EE0C6 /* Assets.xcassets */ = {isa = PBXFileReference; lastKnownFileType = folder.assetcatalog; path = Assets.xcassets; sourceTree = "<group>"; };
		758BAA4A272050A8009EE0C6 /* Base */ = {isa = PBXFileReference; lastKnownFileType = file.storyboard; name = Base; path = Base.lproj/LaunchScreen.storyboard; sourceTree = "<group>"; };
		758BAA4C272050A8009EE0C6 /* Info.plist */ = {isa = PBXFileReference; lastKnownFileType = text.plist.xml; path = Info.plist; sourceTree = "<group>"; };
		758BAA52272052EC009EE0C6 /* GoogleService-Info.plist */ = {isa = PBXFileReference; fileEncoding = 4; lastKnownFileType = text.plist.xml; path = "GoogleService-Info.plist"; sourceTree = "<group>"; };
		8D304981A39240110309483F /* Pods-AuthFirebase.release.xcconfig */ = {isa = PBXFileReference; includeInIndex = 1; lastKnownFileType = text.xcconfig; name = "Pods-AuthFirebase.release.xcconfig"; path = "Target Support Files/Pods-AuthFirebase/Pods-AuthFirebase.release.xcconfig"; sourceTree = "<group>"; };
		9602AE168D871D7F0BFABD56 /* Pods_AuthFirebase.framework */ = {isa = PBXFileReference; explicitFileType = wrapper.framework; includeInIndex = 0; path = Pods_AuthFirebase.framework; sourceTree = BUILT_PRODUCTS_DIR; };
/* End PBXFileReference section */

/* Begin PBXFrameworksBuildPhase section */
		758BAA38272050A6009EE0C6 /* Frameworks */ = {
			isa = PBXFrameworksBuildPhase;
			buildActionMask = 2147483647;
			files = (
				FD02084770B2A0632331CD3A /* Pods_AuthFirebase.framework in Frameworks */,
			);
			runOnlyForDeploymentPostprocessing = 0;
		};
/* End PBXFrameworksBuildPhase section */

/* Begin PBXGroup section */
		758BAA32272050A6009EE0C6 = {
			isa = PBXGroup;
			children = (
				758BAA3D272050A6009EE0C6 /* AuthFirebase */,
				758BAA3C272050A6009EE0C6 /* Products */,
				C2F06490735AC66B4C66AA43 /* Pods */,
				A5ED6762FDF76416F3623D28 /* Frameworks */,
			);
			sourceTree = "<group>";
		};
		758BAA3C272050A6009EE0C6 /* Products */ = {
			isa = PBXGroup;
			children = (
				758BAA3B272050A6009EE0C6 /* AuthFirebase.app */,
			);
			name = Products;
			sourceTree = "<group>";
		};
		758BAA3D272050A6009EE0C6 /* AuthFirebase */ = {
			isa = PBXGroup;
			children = (
				758BAA3E272050A6009EE0C6 /* AppDelegate.swift */,
				758BAA40272050A6009EE0C6 /* SceneDelegate.swift */,
				758BAA42272050A6009EE0C6 /* ViewController.swift */,
				758BAA44272050A6009EE0C6 /* Main.storyboard */,
				758BAA47272050A8009EE0C6 /* Assets.xcassets */,
				758BAA49272050A8009EE0C6 /* LaunchScreen.storyboard */,
				758BAA52272052EC009EE0C6 /* GoogleService-Info.plist */,
				758BAA4C272050A8009EE0C6 /* Info.plist */,
			);
			path = AuthFirebase;
			sourceTree = "<group>";
		};
		A5ED6762FDF76416F3623D28 /* Frameworks */ = {
			isa = PBXGroup;
			children = (
				9602AE168D871D7F0BFABD56 /* Pods_AuthFirebase.framework */,
			);
			name = Frameworks;
			sourceTree = "<group>";
		};
		C2F06490735AC66B4C66AA43 /* Pods */ = {
			isa = PBXGroup;
			children = (
				280C4840CFA6BE6383F424A8 /* Pods-AuthFirebase.debug.xcconfig */,
				8D304981A39240110309483F /* Pods-AuthFirebase.release.xcconfig */,
			);
			path = Pods;
			sourceTree = "<group>";
		};
/* End PBXGroup section */

/* Begin PBXNativeTarget section */
		758BAA3A272050A6009EE0C6 /* AuthFirebase */ = {
			isa = PBXNativeTarget;
			buildConfigurationList = 758BAA4F272050A8009EE0C6 /* Build configuration list for PBXNativeTarget "AuthFirebase" */;
			buildPhases = (
				EC26BA4A2900DD9347D27129 /* [CP] Check Pods Manifest.lock */,
				758BAA37272050A6009EE0C6 /* Sources */,
				758BAA38272050A6009EE0C6 /* Frameworks */,
				758BAA39272050A6009EE0C6 /* Resources */,
				428A52FCCEDE9DC53684DE19 /* [CP] Embed Pods Frameworks */,
			);
			buildRules = (
			);
			dependencies = (
			);
			name = AuthFirebase;
			productName = AuthFirebase;
			productReference = 758BAA3B272050A6009EE0C6 /* AuthFirebase.app */;
			productType = "com.apple.product-type.application";
		};
/* End PBXNativeTarget section */

/* Begin PBXProject section */
		758BAA33272050A6009EE0C6 /* Project object */ = {
			isa = PBXProject;
			attributes = {
				BuildIndependentTargetsInParallel = 1;
				LastSwiftUpdateCheck = 1300;
				LastUpgradeCheck = 1300;
				TargetAttributes = {
					758BAA3A272050A6009EE0C6 = {
						CreatedOnToolsVersion = 13.0;
					};
				};
			};
			buildConfigurationList = 758BAA36272050A6009EE0C6 /* Build configuration list for PBXProject "AuthFirebase" */;
			compatibilityVersion = "Xcode 13.0";
			developmentRegion = en;
			hasScannedForEncodings = 0;
			knownRegions = (
				en,
				Base,
			);
			mainGroup = 758BAA32272050A6009EE0C6;
			productRefGroup = 758BAA3C272050A6009EE0C6 /* Products */;
			projectDirPath = "";
			projectRoot = "";
			targets = (
				758BAA3A272050A6009EE0C6 /* AuthFirebase */,
			);
		};
/* End PBXProject section */

/* Begin PBXResourcesBuildPhase section */
		758BAA39272050A6009EE0C6 /* Resources */ = {
			isa = PBXResourcesBuildPhase;
			buildActionMask = 2147483647;
			files = (
				758BAA4B272050A8009EE0C6 /* LaunchScreen.storyboard in Resources */,
				758BAA53272052EC009EE0C6 /* GoogleService-Info.plist in Resources */,
				758BAA48272050A8009EE0C6 /* Assets.xcassets in Resources */,
				758BAA46272050A6009EE0C6 /* Main.storyboard in Resources */,
			);
			runOnlyForDeploymentPostprocessing = 0;
		};
/* End PBXResourcesBuildPhase section */

/* Begin PBXShellScriptBuildPhase section */
		428A52FCCEDE9DC53684DE19 /* [CP] Embed Pods Frameworks */ = {
			isa = PBXShellScriptBuildPhase;
			buildActionMask = 2147483647;
			files = (
			);
			inputFileListPaths = (
				"${PODS_ROOT}/Target Support Files/Pods-AuthFirebase/Pods-AuthFirebase-frameworks-${CONFIGURATION}-input-files.xcfilelist",
			);
			name = "[CP] Embed Pods Frameworks";
			outputFileListPaths = (
				"${PODS_ROOT}/Target Support Files/Pods-AuthFirebase/Pods-AuthFirebase-frameworks-${CONFIGURATION}-output-files.xcfilelist",
			);
			runOnlyForDeploymentPostprocessing = 0;
			shellPath = /bin/sh;
			shellScript = "\"${PODS_ROOT}/Target Support Files/Pods-AuthFirebase/Pods-AuthFirebase-frameworks.sh\"\n";
			showEnvVarsInLog = 0;
		};
		EC26BA4A2900DD9347D27129 /* [CP] Check Pods Manifest.lock */ = {
			isa = PBXShellScriptBuildPhase;
			buildActionMask = 2147483647;
			files = (
			);
			inputFileListPaths = (
			);
			inputPaths = (
				"${PODS_PODFILE_DIR_PATH}/Podfile.lock",
				"${PODS_ROOT}/Manifest.lock",
			);
			name = "[CP] Check Pods Manifest.lock";
			outputFileListPaths = (
			);
			outputPaths = (
				"$(DERIVED_FILE_DIR)/Pods-AuthFirebase-checkManifestLockResult.txt",
			);
			runOnlyForDeploymentPostprocessing = 0;
			shellPath = /bin/sh;
			shellScript = "diff \"${PODS_PODFILE_DIR_PATH}/Podfile.lock\" \"${PODS_ROOT}/Manifest.lock\" > /dev/null\nif [ $? != 0 ] ; then\n    # print error to STDERR\n    echo \"error: The sandbox is not in sync with the Podfile.lock. Run 'pod install' or update your CocoaPods installation.\" >&2\n    exit 1\nfi\n# This output is used by Xcode 'outputs' to avoid re-running this script phase.\necho \"SUCCESS\" > \"${SCRIPT_OUTPUT_FILE_0}\"\n";
			showEnvVarsInLog = 0;
		};
/* End PBXShellScriptBuildPhase section */

/* Begin PBXSourcesBuildPhase section */
		758BAA37272050A6009EE0C6 /* Sources */ = {
			isa = PBXSourcesBuildPhase;
			buildActionMask = 2147483647;
			files = (
				758BAA43272050A6009EE0C6 /* ViewController.swift in Sources */,
				758BAA3F272050A6009EE0C6 /* AppDelegate.swift in Sources */,
				758BAA41272050A6009EE0C6 /* SceneDelegate.swift in Sources */,
			);
			runOnlyForDeploymentPostprocessing = 0;
		};
/* End PBXSourcesBuildPhase section */

/* Begin PBXVariantGroup section */
		758BAA44272050A6009EE0C6 /* Main.storyboard */ = {
			isa = PBXVariantGroup;
			children = (
				758BAA45272050A6009EE0C6 /* Base */,
			);
			name = Main.storyboard;
			sourceTree = "<group>";
		};
		758BAA49272050A8009EE0C6 /* LaunchScreen.storyboard */ = {
			isa = PBXVariantGroup;
			children = (
				758BAA4A272050A8009EE0C6 /* Base */,
			);
			name = LaunchScreen.storyboard;
			sourceTree = "<group>";
		};
/* End PBXVariantGroup section */

/* Begin XCBuildConfiguration section */
		758BAA4D272050A8009EE0C6 /* Debug */ = {
			isa = XCBuildConfiguration;
			buildSettings = {
				ALWAYS_SEARCH_USER_PATHS = NO;
				CLANG_ANALYZER_NONNULL = YES;
				CLANG_ANALYZER_NUMBER_OBJECT_CONVERSION = YES_AGGRESSIVE;
				CLANG_CXX_LANGUAGE_STANDARD = "gnu++17";
				CLANG_CXX_LIBRARY = "libc++";
				CLANG_ENABLE_MODULES = YES;
				CLANG_ENABLE_OBJC_ARC = YES;
				CLANG_ENABLE_OBJC_WEAK = YES;
				CLANG_WARN_BLOCK_CAPTURE_AUTORELEASING = YES;
				CLANG_WARN_BOOL_CONVERSION = YES;
				CLANG_WARN_COMMA = YES;
				CLANG_WARN_CONSTANT_CONVERSION = YES;
				CLANG_WARN_DEPRECATED_OBJC_IMPLEMENTATIONS = YES;
				CLANG_WARN_DIRECT_OBJC_ISA_USAGE = YES_ERROR;
				CLANG_WARN_DOCUMENTATION_COMMENTS = YES;
				CLANG_WARN_EMPTY_BODY = YES;
				CLANG_WARN_ENUM_CONVERSION = YES;
				CLANG_WARN_INFINITE_RECURSION = YES;
				CLANG_WARN_INT_CONVERSION = YES;
				CLANG_WARN_NON_LITERAL_NULL_CONVERSION = YES;
				CLANG_WARN_OBJC_IMPLICIT_RETAIN_SELF = YES;
				CLANG_WARN_OBJC_LITERAL_CONVERSION = YES;
				CLANG_WARN_OBJC_ROOT_CLASS = YES_ERROR;
				CLANG_WARN_QUOTED_INCLUDE_IN_FRAMEWORK_HEADER = YES;
				CLANG_WARN_RANGE_LOOP_ANALYSIS = YES;
				CLANG_WARN_STRICT_PROTOTYPES = YES;
				CLANG_WARN_SUSPICIOUS_MOVE = YES;
				CLANG_WARN_UNGUARDED_AVAILABILITY = YES_AGGRESSIVE;
				CLANG_WARN_UNREACHABLE_CODE = YES;
				CLANG_WARN__DUPLICATE_METHOD_MATCH = YES;
				COPY_PHASE_STRIP = NO;
				DEBUG_INFORMATION_FORMAT = dwarf;
				ENABLE_STRICT_OBJC_MSGSEND = YES;
				ENABLE_TESTABILITY = YES;
				GCC_C_LANGUAGE_STANDARD = gnu11;
				GCC_DYNAMIC_NO_PIC = NO;
				GCC_NO_COMMON_BLOCKS = YES;
				GCC_OPTIMIZATION_LEVEL = 0;
				GCC_PREPROCESSOR_DEFINITIONS = (
					"DEBUG=1",
					"$(inherited)",
				);
				GCC_WARN_64_TO_32_BIT_CONVERSION = YES;
				GCC_WARN_ABOUT_RETURN_TYPE = YES_ERROR;
				GCC_WARN_UNDECLARED_SELECTOR = YES;
				GCC_WARN_UNINITIALIZED_AUTOS = YES_AGGRESSIVE;
				GCC_WARN_UNUSED_FUNCTION = YES;
				GCC_WARN_UNUSED_VARIABLE = YES;
				IPHONEOS_DEPLOYMENT_TARGET = 15.0;
				MTL_ENABLE_DEBUG_INFO = INCLUDE_SOURCE;
				MTL_FAST_MATH = YES;
				ONLY_ACTIVE_ARCH = YES;
				SDKROOT = iphoneos;
				SWIFT_ACTIVE_COMPILATION_CONDITIONS = DEBUG;
				SWIFT_OPTIMIZATION_LEVEL = "-Onone";
			};
			name = Debug;
		};
		758BAA4E272050A8009EE0C6 /* Release */ = {
			isa = XCBuildConfiguration;
			buildSettings = {
				ALWAYS_SEARCH_USER_PATHS = NO;
				CLANG_ANALYZER_NONNULL = YES;
				CLANG_ANALYZER_NUMBER_OBJECT_CONVERSION = YES_AGGRESSIVE;
				CLANG_CXX_LANGUAGE_STANDARD = "gnu++17";
				CLANG_CXX_LIBRARY = "libc++";
				CLANG_ENABLE_MODULES = YES;
				CLANG_ENABLE_OBJC_ARC = YES;
				CLANG_ENABLE_OBJC_WEAK = YES;
				CLANG_WARN_BLOCK_CAPTURE_AUTORELEASING = YES;
				CLANG_WARN_BOOL_CONVERSION = YES;
				CLANG_WARN_COMMA = YES;
				CLANG_WARN_CONSTANT_CONVERSION = YES;
				CLANG_WARN_DEPRECATED_OBJC_IMPLEMENTATIONS = YES;
				CLANG_WARN_DIRECT_OBJC_ISA_USAGE = YES_ERROR;
				CLANG_WARN_DOCUMENTATION_COMMENTS = YES;
				CLANG_WARN_EMPTY_BODY = YES;
				CLANG_WARN_ENUM_CONVERSION = YES;
				CLANG_WARN_INFINITE_RECURSION = YES;
				CLANG_WARN_INT_CONVERSION = YES;
				CLANG_WARN_NON_LITERAL_NULL_CONVERSION = YES;
				CLANG_WARN_OBJC_IMPLICIT_RETAIN_SELF = YES;
				CLANG_WARN_OBJC_LITERAL_CONVERSION = YES;
				CLANG_WARN_OBJC_ROOT_CLASS = YES_ERROR;
				CLANG_WARN_QUOTED_INCLUDE_IN_FRAMEWORK_HEADER = YES;
				CLANG_WARN_RANGE_LOOP_ANALYSIS = YES;
				CLANG_WARN_STRICT_PROTOTYPES = YES;
				CLANG_WARN_SUSPICIOUS_MOVE = YES;
				CLANG_WARN_UNGUARDED_AVAILABILITY = YES_AGGRESSIVE;
				CLANG_WARN_UNREACHABLE_CODE = YES;
				CLANG_WARN__DUPLICATE_METHOD_MATCH = YES;
				COPY_PHASE_STRIP = NO;
				DEBUG_INFORMATION_FORMAT = "dwarf-with-dsym";
				ENABLE_NS_ASSERTIONS = NO;
				ENABLE_STRICT_OBJC_MSGSEND = YES;
				GCC_C_LANGUAGE_STANDARD = gnu11;
				GCC_NO_COMMON_BLOCKS = YES;
				GCC_WARN_64_TO_32_BIT_CONVERSION = YES;
				GCC_WARN_ABOUT_RETURN_TYPE = YES_ERROR;
				GCC_WARN_UNDECLARED_SELECTOR = YES;
				GCC_WARN_UNINITIALIZED_AUTOS = YES_AGGRESSIVE;
				GCC_WARN_UNUSED_FUNCTION = YES;
				GCC_WARN_UNUSED_VARIABLE = YES;
				IPHONEOS_DEPLOYMENT_TARGET = 15.0;
				MTL_ENABLE_DEBUG_INFO = NO;
				MTL_FAST_MATH = YES;
				SDKROOT = iphoneos;
				SWIFT_COMPILATION_MODE = wholemodule;
				SWIFT_OPTIMIZATION_LEVEL = "-O";
				VALIDATE_PRODUCT = YES;
			};
			name = Release;
		};
		758BAA50272050A8009EE0C6 /* Debug */ = {
			isa = XCBuildConfiguration;
			baseConfigurationReference = 280C4840CFA6BE6383F424A8 /* Pods-AuthFirebase.debug.xcconfig */;
			buildSettings = {
				ASSETCATALOG_COMPILER_APPICON_NAME = AppIcon;
				ASSETCATALOG_COMPILER_GLOBAL_ACCENT_COLOR_NAME = AccentColor;
				CODE_SIGN_STYLE = Automatic;
				CURRENT_PROJECT_VERSION = 1;
				DEVELOPMENT_TEAM = 3NDPBHQ9PJ;
				GENERATE_INFOPLIST_FILE = YES;
				INFOPLIST_FILE = AuthFirebase/Info.plist;
				INFOPLIST_KEY_UIApplicationSupportsIndirectInputEvents = YES;
				INFOPLIST_KEY_UILaunchStoryboardName = LaunchScreen;
				INFOPLIST_KEY_UIMainStoryboardFile = Main;
				INFOPLIST_KEY_UISupportedInterfaceOrientations_iPad = "UIInterfaceOrientationPortrait UIInterfaceOrientationPortraitUpsideDown UIInterfaceOrientationLandscapeLeft UIInterfaceOrientationLandscapeRight";
				INFOPLIST_KEY_UISupportedInterfaceOrientations_iPhone = "UIInterfaceOrientationPortrait UIInterfaceOrientationLandscapeLeft UIInterfaceOrientationLandscapeRight";
				LD_RUNPATH_SEARCH_PATHS = (
					"$(inherited)",
					"@executable_path/Frameworks",
				);
				MARKETING_VERSION = 1.0;
				PRODUCT_BUNDLE_IDENTIFIER = ru.ArturDokhno.AuthFirebase;
				PRODUCT_NAME = "$(TARGET_NAME)";
				SWIFT_EMIT_LOC_STRINGS = YES;
				SWIFT_VERSION = 5.0;
				TARGETED_DEVICE_FAMILY = "1,2";
			};
			name = Debug;
		};
		758BAA51272050A8009EE0C6 /* Release */ = {
			isa = XCBuildConfiguration;
			baseConfigurationReference = 8D304981A39240110309483F /* Pods-AuthFirebase.release.xcconfig */;
			buildSettings = {
				ASSETCATALOG_COMPILER_APPICON_NAME = AppIcon;
				ASSETCATALOG_COMPILER_GLOBAL_ACCENT_COLOR_NAME = AccentColor;
				CODE_SIGN_STYLE = Automatic;
				CURRENT_PROJECT_VERSION = 1;
				DEVELOPMENT_TEAM = 3NDPBHQ9PJ;
				GENERATE_INFOPLIST_FILE = YES;
				INFOPLIST_FILE = AuthFirebase/Info.plist;
				INFOPLIST_KEY_UIApplicationSupportsIndirectInputEvents = YES;
				INFOPLIST_KEY_UILaunchStoryboardName = LaunchScreen;
				INFOPLIST_KEY_UIMainStoryboardFile = Main;
				INFOPLIST_KEY_UISupportedInterfaceOrientations_iPad = "UIInterfaceOrientationPortrait UIInterfaceOrientationPortraitUpsideDown UIInterfaceOrientationLandscapeLeft UIInterfaceOrientationLandscapeRight";
				INFOPLIST_KEY_UISupportedInterfaceOrientations_iPhone = "UIInterfaceOrientationPortrait UIInterfaceOrientationLandscapeLeft UIInterfaceOrientationLandscapeRight";
				LD_RUNPATH_SEARCH_PATHS = (
					"$(inherited)",
					"@executable_path/Frameworks",
				);
				MARKETING_VERSION = 1.0;
				PRODUCT_BUNDLE_IDENTIFIER = ru.ArturDokhno.AuthFirebase;
				PRODUCT_NAME = "$(TARGET_NAME)";
				SWIFT_EMIT_LOC_STRINGS = YES;
				SWIFT_VERSION = 5.0;
				TARGETED_DEVICE_FAMILY = "1,2";
			};
			name = Release;
		};
/* End XCBuildConfiguration section */

/* Begin XCConfigurationList section */
		758BAA36272050A6009EE0C6 /* Build configuration list for PBXProject "AuthFirebase" */ = {
			isa = XCConfigurationList;
			buildConfigurations = (
				758BAA4D272050A8009EE0C6 /* Debug */,
				758BAA4E272050A8009EE0C6 /* Release */,
			);
			defaultConfigurationIsVisible = 0;
			defaultConfigurationName = Release;
		};
		758BAA4F272050A8009EE0C6 /* Build configuration list for PBXNativeTarget "AuthFirebase" */ = {
			isa = XCConfigurationList;
			buildConfigurations = (
				758BAA50272050A8009EE0C6 /* Debug */,
				758BAA51272050A8009EE0C6 /* Release */,
			);
			defaultConfigurationIsVisible = 0;
			defaultConfigurationName = Release;
		};
/* End XCConfigurationList section */
	};
	rootObject = 758BAA33272050A6009EE0C6 /* Project object */;
}
